
Microsoft Visual Studio Solution File, Format Version 12.00
# Visual Studio Version 16
VisualStudioVersion = 16.0.30517.126
MinimumVisualStudioVersion = 10.0.40219.1
Project("{FAE04EC0-301F-11D3-BF4B-00C04F79EFBC}") = "helloakstest", "helloakstest\helloakstest.csproj", "{9878C353-A90F-4000-B061-08F17E45F841}"
EndProject
Global
	GlobalSection(SolutionConfigurationPlatforms) = preSolution
		Debug|Any CPU = Debug|Any CPU
		Release|Any CPU = Release|Any CPU
	EndGlobalSection
	GlobalSection(ProjectConfigurationPlatforms) = postSolution
		{9878C353-A90F-4000-B061-08F17E45F841}.Debug|Any CPU.ActiveCfg = Debug|Any CPU
		{9878C353-A90F-4000-B061-08F17E45F841}.Debug|Any CPU.Build.0 = Debug|Any CPU
		{9878C353-A90F-4000-B061-08F17E45F841}.Release|Any CPU.ActiveCfg = Release|Any CPU
		{9878C353-A90F-4000-B061-08F17E45F841}.Release|Any CPU.Build.0 = Release|Any CPU
	EndGlobalSection
	GlobalSection(SolutionProperties) = preSolution
		HideSolutionNode = FALSE
	EndGlobalSection
	GlobalSection(ExtensibilityGlobals) = postSolution
		SolutionGuid = {E534B8A8-3DDD-4EF9-82E4-D236824E004B}
	EndGlobalSection
EndGlobal
